{
  "version": 4,
  "terraform_version": "1.0.2",
  "serial": 1,
  "lineage": "153c7300-ae46-4ef6-4ec8-95079a181f8d",
  "outputs": {},
  "resources": [
    {
      "mode": "data",
      "type": "azurerm_dns_zone",
      "name": "dns_ronaldo",
      "provider": "provider[\"registry.terraform.io/hashicorp/azurerm\"]",
      "instances": [
        {
          "schema_version": 0,
          "attributes": {
            "id": "/subscriptions/c33acdb7-6a89-4034-ac51-4256666c7136/resourceGroups/az-ronaldo-dns-rg/providers/Microsoft.Network/dnszones/ronaldo.net",
            "max_number_of_record_sets": 10000,
            "name": "ronaldo.net",
            "name_servers": [
              "ns1-37.azure-dns.com.",
              "ns2-37.azure-dns.net.",
              "ns3-37.azure-dns.org.",
              "ns4-37.azure-dns.info."
            ],
            "number_of_record_sets": 2,
            "resource_group_name": "az-ronaldo-dns-rg",
            "tags": {},
            "timeouts": null
          },
          "sensitive_attributes": []
        }
      ]
    },
    {
      "mode": "managed",
      "type": "azurerm_dns_a_record",
      "name": "teste",
      "provider": "provider[\"registry.terraform.io/hashicorp/azurerm\"]",
      "instances": [
        {
          "schema_version": 0,
          "attributes": {
            "fqdn": "teste.ronaldo.net.",
            "id": "/subscriptions/c33acdb7-6a89-4034-ac51-4256666c7136/resourceGroups/az-ronaldo-dns-rg/providers/Microsoft.Network/dnszones/ronaldo.net/A/teste",
            "name": "teste",
            "records": [
              "10.0.180.17"
            ],
            "resource_group_name": "az-ronaldo-dns-rg",
            "tags": null,
            "target_resource_id": "",
            "timeouts": null,
            "ttl": 14400,
            "zone_name": "ronaldo.net"
          },
          "sensitive_attributes": [],
          "private": "eyJlMmJmYjczMC1lY2FhLTExZTYtOGY4OC0zNDM2M2JjN2M0YzAiOnsiY3JlYXRlIjoxODAwMDAwMDAwMDAwLCJkZWxldGUiOjE4MDAwMDAwMDAwMDAsInJlYWQiOjMwMDAwMDAwMDAwMCwidXBkYXRlIjoxODAwMDAwMDAwMDAwfX0=",
          "dependencies": [
            "data.azurerm_dns_zone.dns_ronaldo"
          ]
        }
      ]
    }
  ]
}
