{
  "version": 4,
  "terraform_version": "1.0.2",
  "serial": 12,
  "lineage": "31212145-27bd-f869-f432-24f5b5dfffb9",
  "outputs": {
    "name": {
      "value": "teste-buckers_rosilva021",
      "type": "string"
    },
    "self_link": {
      "value": "https://www.googleapis.com/storage/v1/b/teste-buckers_rosilva021",
      "type": "string"
    },
    "static_ipv4": {
      "value": "34.149.205.214",
      "type": "string"
    },
    "url": {
      "value": "gs://teste-buckers_rosilva021",
      "type": "string"
    }
  },
  "resources": [
    {
      "mode": "managed",
      "type": "google_compute_backend_bucket",
      "name": "cdn_backend_bucket_tatic_vero_prod",
      "provider": "provider[\"registry.terraform.io/hashicorp/google\"]",
      "instances": [
        {
          "schema_version": 0,
          "attributes": {
            "bucket_name": "teste-buckers_rosilva021",
            "cdn_policy": [
              {
                "cache_mode": "CACHE_ALL_STATIC",
                "client_ttl": 3600,
                "default_ttl": 3600,
                "max_ttl": 86400,
                "negative_caching": true,
                "negative_caching_policy": [],
                "serve_while_stale": 86400,
                "signed_url_cache_max_age_sec": 0
              }
            ],
            "creation_timestamp": "2021-12-27T10:51:04.997-08:00",
            "custom_response_headers": null,
            "description": "Backend bucket for serving static content through CDN",
            "enable_cdn": true,
            "id": "projects/teste-buckers/global/backendBuckets/web-admin-backend-bucket",
            "name": "web-admin-backend-bucket",
            "project": "teste-buckers",
            "self_link": "https://www.googleapis.com/compute/v1/projects/teste-buckers/global/backendBuckets/web-admin-backend-bucket",
            "timeouts": null
          },
          "sensitive_attributes": [],
          "private": "eyJlMmJmYjczMC1lY2FhLTExZTYtOGY4OC0zNDM2M2JjN2M0YzAiOnsiY3JlYXRlIjoyNDAwMDAwMDAwMDAsImRlbGV0ZSI6MjQwMDAwMDAwMDAwLCJ1cGRhdGUiOjI0MDAwMDAwMDAwMH19",
          "dependencies": [
            "google_storage_bucket.bucket_tatic_vero_prod"
          ]
        }
      ]
    },
    {
      "mode": "managed",
      "type": "google_compute_global_address",
      "name": "cdn_bucket_address",
      "provider": "provider[\"registry.terraform.io/hashicorp/google\"]",
      "instances": [
        {
          "schema_version": 0,
          "attributes": {
            "address": "34.149.205.214",
            "address_type": "EXTERNAL",
            "creation_timestamp": "2021-12-27T10:51:04.415-08:00",
            "description": "",
            "id": "projects/teste-buckers/global/addresses/bucket-teste-admin-ip",
            "ip_version": "",
            "name": "bucket-teste-admin-ip",
            "network": "",
            "prefix_length": 0,
            "project": "teste-buckers",
            "purpose": "",
            "self_link": "https://www.googleapis.com/compute/v1/projects/teste-buckers/global/addresses/bucket-teste-admin-ip",
            "timeouts": null
          },
          "sensitive_attributes": [],
          "private": "eyJlMmJmYjczMC1lY2FhLTExZTYtOGY4OC0zNDM2M2JjN2M0YzAiOnsiY3JlYXRlIjoyNDAwMDAwMDAwMDAsImRlbGV0ZSI6MjQwMDAwMDAwMDAwfX0="
        }
      ]
    },
    {
      "mode": "managed",
      "type": "google_compute_global_forwarding_rule",
      "name": "cdn_global_forwarding_http_rule",
      "provider": "provider[\"registry.terraform.io/hashicorp/google\"]",
      "instances": [
        {
          "schema_version": 0,
          "attributes": {
            "description": "",
            "id": "projects/teste-buckers/global/forwardingRules/teste-http-lb-forwarding-rule",
            "ip_address": "34.149.205.214",
            "ip_protocol": "TCP",
            "ip_version": "",
            "label_fingerprint": "42WmSpB8rSM=",
            "labels": null,
            "load_balancing_scheme": "EXTERNAL",
            "metadata_filters": [],
            "name": "teste-http-lb-forwarding-rule",
            "network": "",
            "port_range": "80",
            "project": "teste-buckers",
            "self_link": "https://www.googleapis.com/compute/v1/projects/teste-buckers/global/forwardingRules/teste-http-lb-forwarding-rule",
            "target": "https://www.googleapis.com/compute/v1/projects/teste-buckers/global/targetHttpProxies/cdn-http-proxy",
            "timeouts": null
          },
          "sensitive_attributes": [],
          "private": "eyJlMmJmYjczMC1lY2FhLTExZTYtOGY4OC0zNDM2M2JjN2M0YzAiOnsiY3JlYXRlIjo2MDAwMDAwMDAwMDAsImRlbGV0ZSI6NjAwMDAwMDAwMDAwLCJ1cGRhdGUiOjYwMDAwMDAwMDAwMH19",
          "dependencies": [
            "google_compute_backend_bucket.cdn_backend_bucket_tatic_vero_prod",
            "google_compute_global_address.cdn_bucket_address",
            "google_compute_target_http_proxy.cdn_http_proxy",
            "google_compute_url_map.cdn_url_map_http_lb",
            "google_storage_bucket.bucket_tatic_vero_prod"
          ]
        }
      ]
    },
    {
      "mode": "managed",
      "type": "google_compute_global_forwarding_rule",
      "name": "cdn_global_forwarding_rule",
      "provider": "provider[\"registry.terraform.io/hashicorp/google\"]",
      "instances": [
        {
          "schema_version": 0,
          "attributes": {
            "description": "",
            "id": "projects/teste-buckers/global/forwardingRules/teste-https-lb-forwarding-rule",
            "ip_address": "34.149.205.214",
            "ip_protocol": "TCP",
            "ip_version": "",
            "label_fingerprint": "42WmSpB8rSM=",
            "labels": null,
            "load_balancing_scheme": "EXTERNAL",
            "metadata_filters": [],
            "name": "teste-https-lb-forwarding-rule",
            "network": "",
            "port_range": "443",
            "project": "teste-buckers",
            "self_link": "https://www.googleapis.com/compute/v1/projects/teste-buckers/global/forwardingRules/teste-https-lb-forwarding-rule",
            "target": "https://www.googleapis.com/compute/v1/projects/teste-buckers/global/targetHttpsProxies/cdn-https-proxy",
            "timeouts": null
          },
          "sensitive_attributes": [],
          "private": "eyJlMmJmYjczMC1lY2FhLTExZTYtOGY4OC0zNDM2M2JjN2M0YzAiOnsiY3JlYXRlIjo2MDAwMDAwMDAwMDAsImRlbGV0ZSI6NjAwMDAwMDAwMDAwLCJ1cGRhdGUiOjYwMDAwMDAwMDAwMH19",
          "dependencies": [
            "google_compute_backend_bucket.cdn_backend_bucket_tatic_vero_prod",
            "google_compute_global_address.cdn_bucket_address",
            "google_compute_managed_ssl_certificate.cdn_certificate",
            "google_compute_target_https_proxy.cdn_https_proxy",
            "google_compute_url_map.cdn_url_map_https_lb",
            "google_storage_bucket.bucket_tatic_vero_prod"
          ]
        }
      ]
    },
    {
      "mode": "managed",
      "type": "google_compute_managed_ssl_certificate",
      "name": "cdn_certificate",
      "provider": "provider[\"registry.terraform.io/hashicorp/google-beta\"]",
      "instances": [
        {
          "schema_version": 0,
          "attributes": {
            "certificate_id": 7973702527351240184,
            "creation_timestamp": "2021-12-27T10:51:03.808-08:00",
            "description": "",
            "expire_time": "",
            "id": "projects/teste-buckers/global/sslCertificates/cdn-managed-certificate",
            "managed": [
              {
                "domains": [
                  "ronaldo.net"
                ]
              }
            ],
            "name": "cdn-managed-certificate",
            "project": "teste-buckers",
            "self_link": "https://www.googleapis.com/compute/v1/projects/teste-buckers/global/sslCertificates/cdn-managed-certificate",
            "subject_alternative_names": [],
            "timeouts": null,
            "type": "MANAGED"
          },
          "sensitive_attributes": [],
          "private": "eyJlMmJmYjczMC1lY2FhLTExZTYtOGY4OC0zNDM2M2JjN2M0YzAiOnsiY3JlYXRlIjozNjAwMDAwMDAwMDAsImRlbGV0ZSI6MTgwMDAwMDAwMDAwMH19"
        }
      ]
    },
    {
      "mode": "managed",
      "type": "google_compute_target_http_proxy",
      "name": "cdn_http_proxy",
      "provider": "provider[\"registry.terraform.io/hashicorp/google\"]",
      "instances": [
        {
          "schema_version": 0,
          "attributes": {
            "creation_timestamp": "2021-12-27T10:51:29.086-08:00",
            "description": "",
            "id": "projects/teste-buckers/global/targetHttpProxies/cdn-http-proxy",
            "name": "cdn-http-proxy",
            "project": "teste-buckers",
            "proxy_bind": false,
            "proxy_id": 2300135164097312222,
            "self_link": "https://www.googleapis.com/compute/v1/projects/teste-buckers/global/targetHttpProxies/cdn-http-proxy",
            "timeouts": null,
            "url_map": "https://www.googleapis.com/compute/v1/projects/teste-buckers/global/urlMaps/teste-admin-http-lb"
          },
          "sensitive_attributes": [],
          "private": "eyJlMmJmYjczMC1lY2FhLTExZTYtOGY4OC0zNDM2M2JjN2M0YzAiOnsiY3JlYXRlIjoyNDAwMDAwMDAwMDAsImRlbGV0ZSI6MjQwMDAwMDAwMDAwLCJ1cGRhdGUiOjI0MDAwMDAwMDAwMH19",
          "dependencies": [
            "google_compute_backend_bucket.cdn_backend_bucket_tatic_vero_prod",
            "google_compute_url_map.cdn_url_map_http_lb",
            "google_storage_bucket.bucket_tatic_vero_prod"
          ]
        }
      ]
    },
    {
      "mode": "managed",
      "type": "google_compute_target_https_proxy",
      "name": "cdn_https_proxy",
      "provider": "provider[\"registry.terraform.io/hashicorp/google\"]",
      "instances": [
        {
          "schema_version": 0,
          "attributes": {
            "creation_timestamp": "2021-12-27T10:51:29.016-08:00",
            "description": "",
            "id": "projects/teste-buckers/global/targetHttpsProxies/cdn-https-proxy",
            "name": "cdn-https-proxy",
            "project": "teste-buckers",
            "proxy_bind": false,
            "proxy_id": 7870939559279179230,
            "quic_override": "NONE",
            "self_link": "https://www.googleapis.com/compute/v1/projects/teste-buckers/global/targetHttpsProxies/cdn-https-proxy",
            "ssl_certificates": [
              "https://www.googleapis.com/compute/v1/projects/teste-buckers/global/sslCertificates/cdn-managed-certificate"
            ],
            "ssl_policy": "",
            "timeouts": null,
            "url_map": "https://www.googleapis.com/compute/v1/projects/teste-buckers/global/urlMaps/teste-admin-https-lb"
          },
          "sensitive_attributes": [],
          "private": "eyJlMmJmYjczMC1lY2FhLTExZTYtOGY4OC0zNDM2M2JjN2M0YzAiOnsiY3JlYXRlIjoyNDAwMDAwMDAwMDAsImRlbGV0ZSI6MjQwMDAwMDAwMDAwLCJ1cGRhdGUiOjI0MDAwMDAwMDAwMH19",
          "dependencies": [
            "google_compute_backend_bucket.cdn_backend_bucket_tatic_vero_prod",
            "google_compute_managed_ssl_certificate.cdn_certificate",
            "google_compute_url_map.cdn_url_map_https_lb",
            "google_storage_bucket.bucket_tatic_vero_prod"
          ]
        }
      ]
    },
    {
      "mode": "managed",
      "type": "google_compute_url_map",
      "name": "cdn_url_map_http_lb",
      "provider": "provider[\"registry.terraform.io/hashicorp/google\"]",
      "instances": [
        {
          "schema_version": 0,
          "attributes": {
            "creation_timestamp": "2021-12-27T10:51:16.960-08:00",
            "default_route_action": [],
            "default_service": "https://www.googleapis.com/compute/v1/projects/teste-buckers/global/backendBuckets/web-admin-backend-bucket",
            "default_url_redirect": [],
            "description": "",
            "fingerprint": "iHjnDEYsnUg=",
            "header_action": [],
            "host_rule": [],
            "id": "projects/teste-buckers/global/urlMaps/teste-admin-http-lb",
            "map_id": 9057760613688128971,
            "name": "teste-admin-http-lb",
            "path_matcher": [],
            "project": "teste-buckers",
            "self_link": "https://www.googleapis.com/compute/v1/projects/teste-buckers/global/urlMaps/teste-admin-http-lb",
            "test": [],
            "timeouts": null
          },
          "sensitive_attributes": [],
          "private": "eyJlMmJmYjczMC1lY2FhLTExZTYtOGY4OC0zNDM2M2JjN2M0YzAiOnsiY3JlYXRlIjoyNDAwMDAwMDAwMDAsImRlbGV0ZSI6MjQwMDAwMDAwMDAwLCJ1cGRhdGUiOjI0MDAwMDAwMDAwMH19",
          "dependencies": [
            "google_compute_backend_bucket.cdn_backend_bucket_tatic_vero_prod",
            "google_storage_bucket.bucket_tatic_vero_prod"
          ]
        }
      ]
    },
    {
      "mode": "managed",
      "type": "google_compute_url_map",
      "name": "cdn_url_map_https_lb",
      "provider": "provider[\"registry.terraform.io/hashicorp/google\"]",
      "instances": [
        {
          "schema_version": 0,
          "attributes": {
            "creation_timestamp": "2021-12-27T10:51:16.983-08:00",
            "default_route_action": [],
            "default_service": "https://www.googleapis.com/compute/v1/projects/teste-buckers/global/backendBuckets/web-admin-backend-bucket",
            "default_url_redirect": [],
            "description": "",
            "fingerprint": "auZtml4CDP8=",
            "header_action": [],
            "host_rule": [],
            "id": "projects/teste-buckers/global/urlMaps/teste-admin-https-lb",
            "map_id": 5579974510052357579,
            "name": "teste-admin-https-lb",
            "path_matcher": [],
            "project": "teste-buckers",
            "self_link": "https://www.googleapis.com/compute/v1/projects/teste-buckers/global/urlMaps/teste-admin-https-lb",
            "test": [],
            "timeouts": null
          },
          "sensitive_attributes": [],
          "private": "eyJlMmJmYjczMC1lY2FhLTExZTYtOGY4OC0zNDM2M2JjN2M0YzAiOnsiY3JlYXRlIjoyNDAwMDAwMDAwMDAsImRlbGV0ZSI6MjQwMDAwMDAwMDAwLCJ1cGRhdGUiOjI0MDAwMDAwMDAwMH19",
          "dependencies": [
            "google_compute_backend_bucket.cdn_backend_bucket_tatic_vero_prod",
            "google_storage_bucket.bucket_tatic_vero_prod"
          ]
        }
      ]
    },
    {
      "mode": "managed",
      "type": "google_storage_bucket",
      "name": "bucket_tatic_vero_prod",
      "provider": "provider[\"registry.terraform.io/hashicorp/google\"]",
      "instances": [
        {
          "schema_version": 0,
          "attributes": {
            "cors": [],
            "default_event_based_hold": false,
            "encryption": [],
            "force_destroy": true,
            "id": "teste-buckers_rosilva021",
            "labels": null,
            "lifecycle_rule": [],
            "location": "US-EAST1",
            "logging": [],
            "name": "teste-buckers_rosilva021",
            "project": "teste-buckers",
            "requester_pays": false,
            "retention_policy": [],
            "self_link": "https://www.googleapis.com/storage/v1/b/teste-buckers_rosilva021",
            "storage_class": "STANDARD",
            "uniform_bucket_level_access": false,
            "url": "gs://teste-buckers_rosilva021",
            "versioning": [],
            "website": []
          },
          "sensitive_attributes": [],
          "private": "bnVsbA=="
        }
      ]
    },
    {
      "mode": "managed",
      "type": "google_storage_bucket_iam_member",
      "name": "all_users_viewers",
      "provider": "provider[\"registry.terraform.io/hashicorp/google\"]",
      "instances": [
        {
          "schema_version": 0,
          "attributes": {
            "bucket": "b/teste-buckers_rosilva021",
            "condition": [],
            "etag": "CAI=",
            "id": "b/teste-buckers_rosilva021/roles/storage.legacyObjectReader/allUsers",
            "member": "allUsers",
            "role": "roles/storage.legacyObjectReader"
          },
          "sensitive_attributes": [],
          "private": "bnVsbA==",
          "dependencies": [
            "google_storage_bucket.bucket_tatic_vero_prod"
          ]
        }
      ]
    }
  ]
}
